// !$*UTF8*$!
{
	archiveVersion = 1;
	classes = {
	};
	objectVersion = 77;
	objects = {

/* Begin PBXBuildFile section */
		930825FE2CA6CE9A00E0AD6A /* Name.swift in Sources */ = {isa = PBXBuildFile; fileRef = 930825FD2CA6CE9A00E0AD6A /* Name.swift */; };
		930826002CA6CEA200E0AD6A /* Location.swift in Sources */ = {isa = PBXBuildFile; fileRef = 930825FF2CA6CEA200E0AD6A /* Location.swift */; };
		930826022CA6CEB100E0AD6A /* User.swift in Sources */ = {isa = PBXBuildFile; fileRef = 930826012CA6CEB100E0AD6A /* User.swift */; };
		930826042CA6CFFD00E0AD6A /* Street.swift in Sources */ = {isa = PBXBuildFile; fileRef = 930826032CA6CFFD00E0AD6A /* Street.swift */; };
		930826072CA6D28900E0AD6A /* ResponseModel.swift in Sources */ = {isa = PBXBuildFile; fileRef = 930826062CA6D28900E0AD6A /* ResponseModel.swift */; };
		930826092CA6D2D300E0AD6A /* NetworkProvider.swift in Sources */ = {isa = PBXBuildFile; fileRef = 930826082CA6D2D300E0AD6A /* NetworkProvider.swift */; };
/* End PBXBuildFile section */

/* Begin PBXCopyFilesBuildPhase section */
		930825EE2CA6CE2F00E0AD6A /* CopyFiles */ = {
			isa = PBXCopyFilesBuildPhase;
			buildActionMask = 2147483647;
			dstPath = /usr/share/man/man1/;
			dstSubfolderSpec = 0;
			files = (
			);
			runOnlyForDeploymentPostprocessing = 1;
		};
/* End PBXCopyFilesBuildPhase section */

/* Begin PBXFileReference section */
		930825F02CA6CE2F00E0AD6A /* UsersData */ = {isa = PBXFileReference; explicitFileType = "compiled.mach-o.executable"; includeInIndex = 0; path = UsersData; sourceTree = BUILT_PRODUCTS_DIR; };
		930825FD2CA6CE9A00E0AD6A /* Name.swift */ = {isa = PBXFileReference; lastKnownFileType = sourcecode.swift; path = Name.swift; sourceTree = "<group>"; };
		930825FF2CA6CEA200E0AD6A /* Location.swift */ = {isa = PBXFileReference; lastKnownFileType = sourcecode.swift; path = Location.swift; sourceTree = "<group>"; };
		930826012CA6CEB100E0AD6A /* User.swift */ = {isa = PBXFileReference; lastKnownFileType = sourcecode.swift; path = User.swift; sourceTree = "<group>"; };
		930826032CA6CFFD00E0AD6A /* Street.swift */ = {isa = PBXFileReference; lastKnownFileType = sourcecode.swift; path = Street.swift; sourceTree = "<group>"; };
		930826062CA6D28900E0AD6A /* ResponseModel.swift */ = {isa = PBXFileReference; lastKnownFileType = sourcecode.swift; path = ResponseModel.swift; sourceTree = "<group>"; };
		930826082CA6D2D300E0AD6A /* NetworkProvider.swift */ = {isa = PBXFileReference; lastKnownFileType = sourcecode.swift; path = NetworkProvider.swift; sourceTree = "<group>"; };
/* End PBXFileReference section */

/* Begin PBXFileSystemSynchronizedRootGroup section */
		930825F22CA6CE2F00E0AD6A /* UsersData */ = {
			isa = PBXFileSystemSynchronizedRootGroup;
			path = UsersData;
			sourceTree = "<group>";
		};
/* End PBXFileSystemSynchronizedRootGroup section */

/* Begin PBXFrameworksBuildPhase section */
		930825ED2CA6CE2F00E0AD6A /* Frameworks */ = {
			isa = PBXFrameworksBuildPhase;
			buildActionMask = 2147483647;
			files = (
			);
			runOnlyForDeploymentPostprocessing = 0;
		};
/* End PBXFrameworksBuildPhase section */

/* Begin PBXGroup section */
		930825E72CA6CE2F00E0AD6A = {
			isa = PBXGroup;
			children = (
				930826052CA6D18A00E0AD6A /* UsersDataNetwoking */,
				930825FA2CA6CE4300E0AD6A /* UsersDataModel */,
				930825F22CA6CE2F00E0AD6A /* UsersData */,
				930825F12CA6CE2F00E0AD6A /* Products */,
			);
			sourceTree = "<group>";
		};
		930825F12CA6CE2F00E0AD6A /* Products */ = {
			isa = PBXGroup;
			children = (
				930825F02CA6CE2F00E0AD6A /* UsersData */,
			);
			name = Products;
			sourceTree = "<group>";
		};
		930825FA2CA6CE4300E0AD6A /* UsersDataModel */ = {
			isa = PBXGroup;
			children = (
				930825FD2CA6CE9A00E0AD6A /* Name.swift */,
				930826032CA6CFFD00E0AD6A /* Street.swift */,
				930825FF2CA6CEA200E0AD6A /* Location.swift */,
				930826012CA6CEB100E0AD6A /* User.swift */,
			);
			path = UsersDataModel;
			sourceTree = "<group>";
		};
		930826052CA6D18A00E0AD6A /* UsersDataNetwoking */ = {
			isa = PBXGroup;
			children = (
				930826062CA6D28900E0AD6A /* ResponseModel.swift */,
				930826082CA6D2D300E0AD6A /* NetworkProvider.swift */,
			);
			path = UsersDataNetwoking;
			sourceTree = "<group>";
		};
/* End PBXGroup section */

/* Begin PBXNativeTarget section */
		930825EF2CA6CE2F00E0AD6A /* UsersData */ = {
			isa = PBXNativeTarget;
			buildConfigurationList = 930825F72CA6CE2F00E0AD6A /* Build configuration list for PBXNativeTarget "UsersData" */;
			buildPhases = (
				930825EC2CA6CE2F00E0AD6A /* Sources */,
				930825ED2CA6CE2F00E0AD6A /* Frameworks */,
				930825EE2CA6CE2F00E0AD6A /* CopyFiles */,
			);
			buildRules = (
			);
			dependencies = (
			);
			fileSystemSynchronizedGroups = (
				930825F22CA6CE2F00E0AD6A /* UsersData */,
			);
			name = UsersData;
			packageProductDependencies = (
			);
			productName = UsersData;
			productReference = 930825F02CA6CE2F00E0AD6A /* UsersData */;
			productType = "com.apple.product-type.tool";
		};
/* End PBXNativeTarget section */

/* Begin PBXProject section */
		930825E82CA6CE2F00E0AD6A /* Project object */ = {
			isa = PBXProject;
			attributes = {
				BuildIndependentTargetsInParallel = 1;
				LastSwiftUpdateCheck = 1600;
				LastUpgradeCheck = 1600;
				TargetAttributes = {
					930825EF2CA6CE2F00E0AD6A = {
						CreatedOnToolsVersion = 16.0;
					};
				};
			};
			buildConfigurationList = 930825EB2CA6CE2F00E0AD6A /* Build configuration list for PBXProject "UsersData" */;
			developmentRegion = en;
			hasScannedForEncodings = 0;
			knownRegions = (
				en,
				Base,
			);
			mainGroup = 930825E72CA6CE2F00E0AD6A;
			minimizedProjectReferenceProxies = 1;
			preferredProjectObjectVersion = 77;
			productRefGroup = 930825F12CA6CE2F00E0AD6A /* Products */;
			projectDirPath = "";
			projectRoot = "";
			targets = (
				930825EF2CA6CE2F00E0AD6A /* UsersData */,
			);
		};
/* End PBXProject section */

/* Begin PBXSourcesBuildPhase section */
		930825EC2CA6CE2F00E0AD6A /* Sources */ = {
			isa = PBXSourcesBuildPhase;
			buildActionMask = 2147483647;
			files = (
				930826092CA6D2D300E0AD6A /* NetworkProvider.swift in Sources */,
				930826022CA6CEB100E0AD6A /* User.swift in Sources */,
				930825FE2CA6CE9A00E0AD6A /* Name.swift in Sources */,
				930826002CA6CEA200E0AD6A /* Location.swift in Sources */,
				930826042CA6CFFD00E0AD6A /* Street.swift in Sources */,
				930826072CA6D28900E0AD6A /* ResponseModel.swift in Sources */,
			);
			runOnlyForDeploymentPostprocessing = 0;
		};
/* End PBXSourcesBuildPhase section */

/* Begin XCBuildConfiguration section */
		930825F52CA6CE2F00E0AD6A /* Debug */ = {
			isa = XCBuildConfiguration;
			buildSettings = {
				ALWAYS_SEARCH_USER_PATHS = NO;
				ASSETCATALOG_COMPILER_GENERATE_SWIFT_ASSET_SYMBOL_EXTENSIONS = YES;
				CLANG_ANALYZER_NONNULL = YES;
				CLANG_ANALYZER_NUMBER_OBJECT_CONVERSION = YES_AGGRESSIVE;
				CLANG_CXX_LANGUAGE_STANDARD = "gnu++20";
				CLANG_ENABLE_MODULES = YES;
				CLANG_ENABLE_OBJC_ARC = YES;
				CLANG_ENABLE_OBJC_WEAK = YES;
				CLANG_WARN_BLOCK_CAPTURE_AUTORELEASING = YES;
				CLANG_WARN_BOOL_CONVERSION = YES;
				CLANG_WARN_COMMA = YES;
				CLANG_WARN_CONSTANT_CONVERSION = YES;
				CLANG_WARN_DEPRECATED_OBJC_IMPLEMENTATIONS = YES;
				CLANG_WARN_DIRECT_OBJC_ISA_USAGE = YES_ERROR;
				CLANG_WARN_DOCUMENTATION_COMMENTS = YES;
				CLANG_WARN_EMPTY_BODY = YES;
				CLANG_WARN_ENUM_CONVERSION = YES;
				CLANG_WARN_INFINITE_RECURSION = YES;
				CLANG_WARN_INT_CONVERSION = YES;
				CLANG_WARN_NON_LITERAL_NULL_CONVERSION = YES;
				CLANG_WARN_OBJC_IMPLICIT_RETAIN_SELF = YES;
				CLANG_WARN_OBJC_LITERAL_CONVERSION = YES;
				CLANG_WARN_OBJC_ROOT_CLASS = YES_ERROR;
				CLANG_WARN_QUOTED_INCLUDE_IN_FRAMEWORK_HEADER = YES;
				CLANG_WARN_RANGE_LOOP_ANALYSIS = YES;
				CLANG_WARN_STRICT_PROTOTYPES = YES;
				CLANG_WARN_SUSPICIOUS_MOVE = YES;
				CLANG_WARN_UNGUARDED_AVAILABILITY = YES_AGGRESSIVE;
				CLANG_WARN_UNREACHABLE_CODE = YES;
				CLANG_WARN__DUPLICATE_METHOD_MATCH = YES;
				COPY_PHASE_STRIP = NO;
				DEBUG_INFORMATION_FORMAT = dwarf;
				ENABLE_STRICT_OBJC_MSGSEND = YES;
				ENABLE_TESTABILITY = YES;
				ENABLE_USER_SCRIPT_SANDBOXING = YES;
				GCC_C_LANGUAGE_STANDARD = gnu17;
				GCC_DYNAMIC_NO_PIC = NO;
				GCC_NO_COMMON_BLOCKS = YES;
				GCC_OPTIMIZATION_LEVEL = 0;
				GCC_PREPROCESSOR_DEFINITIONS = (
					"DEBUG=1",
					"$(inherited)",
				);
				GCC_WARN_64_TO_32_BIT_CONVERSION = YES;
				GCC_WARN_ABOUT_RETURN_TYPE = YES_ERROR;
				GCC_WARN_UNDECLARED_SELECTOR = YES;
				GCC_WARN_UNINITIALIZED_AUTOS = YES_AGGRESSIVE;
				GCC_WARN_UNUSED_FUNCTION = YES;
				GCC_WARN_UNUSED_VARIABLE = YES;
				LOCALIZATION_PREFERS_STRING_CATALOGS = YES;
				MACOSX_DEPLOYMENT_TARGET = 15.0;
				MTL_ENABLE_DEBUG_INFO = INCLUDE_SOURCE;
				MTL_FAST_MATH = YES;
				ONLY_ACTIVE_ARCH = YES;
				SDKROOT = macosx;
				SWIFT_ACTIVE_COMPILATION_CONDITIONS = "DEBUG $(inherited)";
				SWIFT_OPTIMIZATION_LEVEL = "-Onone";
			};
			name = Debug;
		};
		930825F62CA6CE2F00E0AD6A /* Release */ = {
			isa = XCBuildConfiguration;
			buildSettings = {
				ALWAYS_SEARCH_USER_PATHS = NO;
				ASSETCATALOG_COMPILER_GENERATE_SWIFT_ASSET_SYMBOL_EXTENSIONS = YES;
				CLANG_ANALYZER_NONNULL = YES;
				CLANG_ANALYZER_NUMBER_OBJECT_CONVERSION = YES_AGGRESSIVE;
				CLANG_CXX_LANGUAGE_STANDARD = "gnu++20";
				CLANG_ENABLE_MODULES = YES;
				CLANG_ENABLE_OBJC_ARC = YES;
				CLANG_ENABLE_OBJC_WEAK = YES;
				CLANG_WARN_BLOCK_CAPTURE_AUTORELEASING = YES;
				CLANG_WARN_BOOL_CONVERSION = YES;
				CLANG_WARN_COMMA = YES;
				CLANG_WARN_CONSTANT_CONVERSION = YES;
				CLANG_WARN_DEPRECATED_OBJC_IMPLEMENTATIONS = YES;
				CLANG_WARN_DIRECT_OBJC_ISA_USAGE = YES_ERROR;
				CLANG_WARN_DOCUMENTATION_COMMENTS = YES;
				CLANG_WARN_EMPTY_BODY = YES;
				CLANG_WARN_ENUM_CONVERSION = YES;
				CLANG_WARN_INFINITE_RECURSION = YES;
				CLANG_WARN_INT_CONVERSION = YES;
				CLANG_WARN_NON_LITERAL_NULL_CONVERSION = YES;
				CLANG_WARN_OBJC_IMPLICIT_RETAIN_SELF = YES;
				CLANG_WARN_OBJC_LITERAL_CONVERSION = YES;
				CLANG_WARN_OBJC_ROOT_CLASS = YES_ERROR;
				CLANG_WARN_QUOTED_INCLUDE_IN_FRAMEWORK_HEADER = YES;
				CLANG_WARN_RANGE_LOOP_ANALYSIS = YES;
				CLANG_WARN_STRICT_PROTOTYPES = YES;
				CLANG_WARN_SUSPICIOUS_MOVE = YES;
				CLANG_WARN_UNGUARDED_AVAILABILITY = YES_AGGRESSIVE;
				CLANG_WARN_UNREACHABLE_CODE = YES;
				CLANG_WARN__DUPLICATE_METHOD_MATCH = YES;
				COPY_PHASE_STRIP = NO;
				DEBUG_INFORMATION_FORMAT = "dwarf-with-dsym";
				ENABLE_NS_ASSERTIONS = NO;
				ENABLE_STRICT_OBJC_MSGSEND = YES;
				ENABLE_USER_SCRIPT_SANDBOXING = YES;
				GCC_C_LANGUAGE_STANDARD = gnu17;
				GCC_NO_COMMON_BLOCKS = YES;
				GCC_WARN_64_TO_32_BIT_CONVERSION = YES;
				GCC_WARN_ABOUT_RETURN_TYPE = YES_ERROR;
				GCC_WARN_UNDECLARED_SELECTOR = YES;
				GCC_WARN_UNINITIALIZED_AUTOS = YES_AGGRESSIVE;
				GCC_WARN_UNUSED_FUNCTION = YES;
				GCC_WARN_UNUSED_VARIABLE = YES;
				LOCALIZATION_PREFERS_STRING_CATALOGS = YES;
				MACOSX_DEPLOYMENT_TARGET = 15.0;
				MTL_ENABLE_DEBUG_INFO = NO;
				MTL_FAST_MATH = YES;
				SDKROOT = macosx;
				SWIFT_COMPILATION_MODE = wholemodule;
			};
			name = Release;
		};
		930825F82CA6CE2F00E0AD6A /* Debug */ = {
			isa = XCBuildConfiguration;
			buildSettings = {
				CODE_SIGN_STYLE = Automatic;
				PRODUCT_NAME = "$(TARGET_NAME)";
				SWIFT_VERSION = 5.0;
			};
			name = Debug;
		};
		930825F92CA6CE2F00E0AD6A /* Release */ = {
			isa = XCBuildConfiguration;
			buildSettings = {
				CODE_SIGN_STYLE = Automatic;
				PRODUCT_NAME = "$(TARGET_NAME)";
				SWIFT_VERSION = 5.0;
			};
			name = Release;
		};
/* End XCBuildConfiguration section */

/* Begin XCConfigurationList section */
		930825EB2CA6CE2F00E0AD6A /* Build configuration list for PBXProject "UsersData" */ = {
			isa = XCConfigurationList;
			buildConfigurations = (
				930825F52CA6CE2F00E0AD6A /* Debug */,
				930825F62CA6CE2F00E0AD6A /* Release */,
			);
			defaultConfigurationIsVisible = 0;
			defaultConfigurationName = Release;
		};
		930825F72CA6CE2F00E0AD6A /* Build configuration list for PBXNativeTarget "UsersData" */ = {
			isa = XCConfigurationList;
			buildConfigurations = (
				930825F82CA6CE2F00E0AD6A /* Debug */,
				930825F92CA6CE2F00E0AD6A /* Release */,
			);
			defaultConfigurationIsVisible = 0;
			defaultConfigurationName = Release;
		};
/* End XCConfigurationList section */
	};
	rootObject = 930825E82CA6CE2F00E0AD6A /* Project object */;
}
